
Microsoft Visual Studio Solution File, Format Version 12.00
# Visual Studio Version 17
VisualStudioVersion = 17.3.32901.215
MinimumVisualStudioVersion = 10.0.40219.1
Project("{9A19103F-16F7-4668-BE54-9A1E7A4F7556}") = "Calculation", "Calculation\Calculation.csproj", "{94FB5E48-B32C-4644-B2DE-A45C869E4E80}"
EndProject
Project("{9A19103F-16F7-4668-BE54-9A1E7A4F7556}") = "CalculationLib", "CalculationLib\CalculationLib.csproj", "{56C208B9-F1CB-44F9-8695-27090CDE5D86}"
EndProject
Project("{FAE04EC0-301F-11D3-BF4B-00C04F79EFBC}") = "Calculation.Test", "CircleTest\Calculation.Test.csproj", "{6837A93B-82FE-4745-8CCA-4A8FEAB13FE4}"
EndProject
Global
	GlobalSection(SolutionConfigurationPlatforms) = preSolution
		Debug|Any CPU = Debug|Any CPU
		Release|Any CPU = Release|Any CPU
	EndGlobalSection
	GlobalSection(ProjectConfigurationPlatforms) = postSolution
		{94FB5E48-B32C-4644-B2DE-A45C869E4E80}.Debug|Any CPU.ActiveCfg = Debug|Any CPU
		{94FB5E48-B32C-4644-B2DE-A45C869E4E80}.Debug|Any CPU.Build.0 = Debug|Any CPU
		{94FB5E48-B32C-4644-B2DE-A45C869E4E80}.Release|Any CPU.ActiveCfg = Release|Any CPU
		{94FB5E48-B32C-4644-B2DE-A45C869E4E80}.Release|Any CPU.Build.0 = Release|Any CPU
		{56C208B9-F1CB-44F9-8695-27090CDE5D86}.Debug|Any CPU.ActiveCfg = Debug|Any CPU
		{56C208B9-F1CB-44F9-8695-27090CDE5D86}.Debug|Any CPU.Build.0 = Debug|Any CPU
		{56C208B9-F1CB-44F9-8695-27090CDE5D86}.Release|Any CPU.ActiveCfg = Release|Any CPU
		{56C208B9-F1CB-44F9-8695-27090CDE5D86}.Release|Any CPU.Build.0 = Release|Any CPU
		{6837A93B-82FE-4745-8CCA-4A8FEAB13FE4}.Debug|Any CPU.ActiveCfg = Debug|Any CPU
		{6837A93B-82FE-4745-8CCA-4A8FEAB13FE4}.Debug|Any CPU.Build.0 = Debug|Any CPU
		{6837A93B-82FE-4745-8CCA-4A8FEAB13FE4}.Release|Any CPU.ActiveCfg = Release|Any CPU
		{6837A93B-82FE-4745-8CCA-4A8FEAB13FE4}.Release|Any CPU.Build.0 = Release|Any CPU
	EndGlobalSection
	GlobalSection(SolutionProperties) = preSolution
		HideSolutionNode = FALSE
	EndGlobalSection
	GlobalSection(ExtensibilityGlobals) = postSolution
		SolutionGuid = {B0ACC158-98EA-4D5A-886C-AE4BB3E61E86}
	EndGlobalSection
EndGlobal
